{
  "name": "ajs_",
  "lockfileVersion": 2,
  "requires": true,
  "packages": {
    "": {
      "dependencies": {
        "@hamsterboy123/ajs": "^1.0.0"
      }
    },
    "node_modules/@hamsterboy123/ajs": {
      "version": "1.0.0",
      "resolved": "https://npm.pkg.github.com/download/@hamsterboy123/ajs/1.0.0/38e7db38e9393ab2203afb902740c0de35a2108b",
      "integrity": "sha512-U/gX059EEJgdmAb6/JL0A+p2gNuVFavfE4hnp1xhn9z1lafe+aeTCf0pGYtVqvakCVoyV2YpU4JoQKNS2v8Ppg==",
      "license": "ISC"
    }
  },
  "dependencies": {
    "@hamsterboy123/ajs": {
      "version": "1.0.0",
      "resolved": "https://npm.pkg.github.com/download/@hamsterboy123/ajs/1.0.0/38e7db38e9393ab2203afb902740c0de35a2108b",
      "integrity": "sha512-U/gX059EEJgdmAb6/JL0A+p2gNuVFavfE4hnp1xhn9z1lafe+aeTCf0pGYtVqvakCVoyV2YpU4JoQKNS2v8Ppg=="
    }
  }
}
